{
  "name": "@sourcegraph/scip",
  "version": "0.1.0",
  "lockfileVersion": 3,
  "requires": true,
  "packages": {
    "": {
      "name": "@sourcegraph/scip",
      "version": "0.1.0",
      "license": "Apache-2.0",
      "dependencies": {
        "@bufbuild/protobuf": "^2.0.0"
      },
      "devDependencies": {
        "@bufbuild/buf": "^1.36.0",
        "@bufbuild/protoc-gen-es": "^2.0.0",
        "typescript": "^5.5.4"
      }
    },
    "node_modules/@bufbuild/buf": {
      "version": "1.36.0",
      "resolved": "https://registry.npmjs.org/@bufbuild/buf/-/buf-1.36.0.tgz",
      "integrity": "sha512-IhUx4aSlCGGD9wJQMsccs+jYsLowdbVPLtJnjJJvLWjxvatKV224iuKn6jP930k0rvejt/c6n/0sSWVu12zksQ==",
      "dev": true,
      "hasInstallScript": true,
      "bin": {
        "buf": "bin/buf",
        "protoc-gen-buf-breaking": "bin/protoc-gen-buf-breaking",
        "protoc-gen-buf-lint": "bin/protoc-gen-buf-lint"
      },
      "engines": {
        "node": ">=12"
      },
      "optionalDependencies": {
        "@bufbuild/buf-darwin-arm64": "1.36.0",
        "@bufbuild/buf-darwin-x64": "1.36.0",
        "@bufbuild/buf-linux-aarch64": "1.36.0",
        "@bufbuild/buf-linux-x64": "1.36.0",
        "@bufbuild/buf-win32-arm64": "1.36.0",
        "@bufbuild/buf-win32-x64": "1.36.0"
      }
    },
    "node_modules/@bufbuild/buf-darwin-arm64": {
      "version": "1.36.0",
      "resolved": "https://registry.npmjs.org/@bufbuild/buf-darwin-arm64/-/buf-darwin-arm64-1.36.0.tgz",
      "integrity": "sha512-0sXbTAedj9KY7NSHbf4536SLQKjV4yhlREw44f9mV9kGFI3Jr2Dj1z8UDzB80Ti3YFgpVu2BbcOMXIDzQ6dleA==",
      "cpu": [
        "arm64"
      ],
      "dev": true,
      "optional": true,
      "os": [
        "darwin"
      ],
      "engines": {
        "node": ">=12"
      }
    },
    "node_modules/@bufbuild/buf-darwin-x64": {
      "version": "1.36.0",
      "resolved": "https://registry.npmjs.org/@bufbuild/buf-darwin-x64/-/buf-darwin-x64-1.36.0.tgz",
      "integrity": "sha512-zKuE+awq1Bslv7WcJ5Rq2npCxAGeEFnQJ4tAMD0RjY8MZ9SjJRETmngU0xGeFdh/FM91+A8f8JehXtUX4D5/3g==",
      "cpu": [
        "x64"
      ],
      "dev": true,
      "optional": true,
      "os": [
        "darwin"
      ],
      "engines": {
        "node": ">=12"
      }
    },
    "node_modules/@bufbuild/buf-linux-aarch64": {
      "version": "1.36.0",
      "resolved": "https://registry.npmjs.org/@bufbuild/buf-linux-aarch64/-/buf-linux-aarch64-1.36.0.tgz",
      "integrity": "sha512-GaDGNezX2i2P2bpCwMwjhhoJcu0CKnFzK3c3loS7ErP9e+y3D+AubHkB+Y5MVnmzlV65GD7HcwWnygeUI1rBSg==",
      "cpu": [
        "arm64"
      ],
      "dev": true,
      "optional": true,
      "os": [
        "linux"
      ],
      "engines": {
        "node": ">=12"
      }
    },
    "node_modules/@bufbuild/buf-linux-x64": {
      "version": "1.36.0",
      "resolved": "https://registry.npmjs.org/@bufbuild/buf-linux-x64/-/buf-linux-x64-1.36.0.tgz",
      "integrity": "sha512-gF2itk9vZrEYvHX1TobPdwDxh16DGTbfN4W5X66BUDKTZmdgctWBDRrj15UfAZO9oSjEc3oMQM+HkoWkOtsCxw==",
      "cpu": [
        "x64"
      ],
      "dev": true,
      "optional": true,
      "os": [
        "linux"
      ],
      "engines": {
        "node": ">=12"
      }
    },
    "node_modules/@bufbuild/buf-win32-arm64": {
      "version": "1.36.0",
      "resolved": "https://registry.npmjs.org/@bufbuild/buf-win32-arm64/-/buf-win32-arm64-1.36.0.tgz",
      "integrity": "sha512-YQDM6hnk4gj4KNrC/rJGLeplD9Lntf2J6b9E1xIlJ7YfMLkXKt72iXT351lLUygN4MNjVhdWTP+GU+tdqMrfPQ==",
      "cpu": [
        "arm64"
      ],
      "dev": true,
      "optional": true,
      "os": [
        "win32"
      ],
      "engines": {
        "node": ">=12"
      }
    },
    "node_modules/@bufbuild/buf-win32-x64": {
      "version": "1.36.0",
      "resolved": "https://registry.npmjs.org/@bufbuild/buf-win32-x64/-/buf-win32-x64-1.36.0.tgz",
      "integrity": "sha512-qp+TuO7mHDBpJf/CtMZmIM77txcoUhGJpbjSkW+4WGpcPtwmNtQqciTYqLHXwlBVDSq9GhxpNTyx/W+kXCJS/g==",
      "cpu": [
        "x64"
      ],
      "dev": true,
      "optional": true,
      "os": [
        "win32"
      ],
      "engines": {
        "node": ">=12"
      }
    },
    "node_modules/@bufbuild/protobuf": {
      "version": "2.0.0",
      "resolved": "https://registry.npmjs.org/@bufbuild/protobuf/-/protobuf-2.0.0.tgz",
      "integrity": "sha512-sw2JhwJyvyL0zlhG61aDzOVryEfJg2PDZFSV7i7IdC7nAE41WuXCru3QWLGiP87At0BMzKOoKO/FqEGoKygGZQ=="
    },
    "node_modules/@bufbuild/protoc-gen-es": {
      "version": "2.0.0",
      "resolved": "https://registry.npmjs.org/@bufbuild/protoc-gen-es/-/protoc-gen-es-2.0.0.tgz",
      "integrity": "sha512-xXDrDFjSD97jGu9RMA8O4Myj66DdCLOFeYG7Z0mX1aCE9hayymfor+BKgKCQouUfty6CYv8709FPYpEtDurLFQ==",
      "dev": true,
      "dependencies": {
        "@bufbuild/protobuf": "^2.0.0",
        "@bufbuild/protoplugin": "2.0.0"
      },
      "bin": {
        "protoc-gen-es": "bin/protoc-gen-es"
      },
      "engines": {
        "node": ">=14"
      },
      "peerDependencies": {
        "@bufbuild/protobuf": "2.0.0"
      },
      "peerDependenciesMeta": {
        "@bufbuild/protobuf": {
          "optional": true
        }
      }
    },
    "node_modules/@bufbuild/protoplugin": {
      "version": "2.0.0",
      "resolved": "https://registry.npmjs.org/@bufbuild/protoplugin/-/protoplugin-2.0.0.tgz",
      "integrity": "sha512-y77IarGNbJfr5YZHQ+biO0O9B8rXicKLLOFRJu9mKr9LYE5/CLIKqonIBfkc/lggCK2YOtinjZJEYb39HymIog==",
      "dev": true,
      "dependencies": {
        "@bufbuild/protobuf": "2.0.0",
        "@typescript/vfs": "^1.5.2",
        "typescript": "5.4.5"
      }
    },
    "node_modules/@bufbuild/protoplugin/node_modules/typescript": {
      "version": "5.4.5",
      "resolved": "https://registry.npmjs.org/typescript/-/typescript-5.4.5.tgz",
      "integrity": "sha512-vcI4UpRgg81oIRUFwR0WSIHKt11nJ7SAVlYNIu+QpqeyXP+gpQJy/Z4+F0aGxSE4MqwjyXvW/TzgkLAx2AGHwQ==",
      "dev": true,
      "bin": {
        "tsc": "bin/tsc",
        "tsserver": "bin/tsserver"
      },
      "engines": {
        "node": ">=14.17"
      }
    },
    "node_modules/@typescript/vfs": {
      "version": "1.6.0",
      "resolved": "https://registry.npmjs.org/@typescript/vfs/-/vfs-1.6.0.tgz",
      "integrity": "sha512-hvJUjNVeBMp77qPINuUvYXj4FyWeeMMKZkxEATEU3hqBAQ7qdTBCUFT7Sp0Zu0faeEtFf+ldXxMEDr/bk73ISg==",
      "dev": true,
      "dependencies": {
        "debug": "^4.1.1"
      },
      "peerDependencies": {
        "typescript": "*"
      }
    },
    "node_modules/debug": {
      "version": "4.3.6",
      "resolved": "https://registry.npmjs.org/debug/-/debug-4.3.6.tgz",
      "integrity": "sha512-O/09Bd4Z1fBrU4VzkhFqVgpPzaGbw6Sm9FEkBT1A/YBXQFGuuSxa1dN2nxgxS34JmKXqYx8CZAwEVoJFImUXIg==",
      "dev": true,
      "dependencies": {
        "ms": "2.1.2"
      },
      "engines": {
        "node": ">=6.0"
      },
      "peerDependenciesMeta": {
        "supports-color": {
          "optional": true
        }
      }
    },
    "node_modules/ms": {
      "version": "2.1.2",
      "resolved": "https://registry.npmjs.org/ms/-/ms-2.1.2.tgz",
      "integrity": "sha512-sGkPx+VjMtmA6MX27oA4FBFELFCZZ4S4XqeGOXCv68tT+jb3vk/RyaKWP0PTKyWtmLSM0b+adUTEvbs1PEaH2w==",
      "dev": true
    },
    "node_modules/typescript": {
      "version": "5.5.4",
      "resolved": "https://registry.npmjs.org/typescript/-/typescript-5.5.4.tgz",
      "integrity": "sha512-Mtq29sKDAEYP7aljRgtPOpTvOfbwRWlS6dPRzwjdE+C0R4brX/GUyhHSecbHMFLNBLcJIPt9nl9yG5TZ1weH+Q==",
      "dev": true,
      "bin": {
        "tsc": "bin/tsc",
        "tsserver": "bin/tsserver"
      },
      "engines": {
        "node": ">=14.17"
      }
    }
  }
}
